// !$*UTF8*$!
{
	archiveVersion = 1;
	classes = {
	};
	objectVersion = 48;
	objects = {

/* Begin PBXBuildFile section */
		9405A78E206E423D00D8426E /* Person.swift in Sources */ = {isa = PBXBuildFile; fileRef = 9405A78D206E423D00D8426E /* Person.swift */; };
		9405A793206E8BCB00D8426E /* CDFilm+CoreDataClass.swift in Sources */ = {isa = PBXBuildFile; fileRef = 9405A791206E8BCB00D8426E /* CDFilm+CoreDataClass.swift */; };
		9405A794206E8BCC00D8426E /* CDFilm+CoreDataProperties.swift in Sources */ = {isa = PBXBuildFile; fileRef = 9405A792206E8BCB00D8426E /* CDFilm+CoreDataProperties.swift */; };
		9405A796206E8DF700D8426E /* CoreDataManager.swift in Sources */ = {isa = PBXBuildFile; fileRef = 9405A795206E8DF700D8426E /* CoreDataManager.swift */; };
		9405A798206EA7EB00D8426E /* DateFormatter.swift in Sources */ = {isa = PBXBuildFile; fileRef = 9405A797206EA7EB00D8426E /* DateFormatter.swift */; };
		941AE7C52072569A00605CCB /* CDCharacter+CoreDataClass.swift in Sources */ = {isa = PBXBuildFile; fileRef = 941AE7C32072569A00605CCB /* CDCharacter+CoreDataClass.swift */; };
		941AE7C62072569A00605CCB /* CDCharacter+CoreDataProperties.swift in Sources */ = {isa = PBXBuildFile; fileRef = 941AE7C42072569A00605CCB /* CDCharacter+CoreDataProperties.swift */; };
		941AE7C82073649E00605CCB /* CustomError.swift in Sources */ = {isa = PBXBuildFile; fileRef = 941AE7C72073649D00605CCB /* CustomError.swift */; };
		943FE23F206B8F08004771F6 /* AppDelegate.swift in Sources */ = {isa = PBXBuildFile; fileRef = 943FE23E206B8F08004771F6 /* AppDelegate.swift */; };
		943FE244206B8F08004771F6 /* Main.storyboard in Resources */ = {isa = PBXBuildFile; fileRef = 943FE242206B8F08004771F6 /* Main.storyboard */; };
		943FE247206B8F08004771F6 /* SWAPIdemo.xcdatamodeld in Sources */ = {isa = PBXBuildFile; fileRef = 943FE245206B8F08004771F6 /* SWAPIdemo.xcdatamodeld */; };
		943FE249206B8F08004771F6 /* Assets.xcassets in Resources */ = {isa = PBXBuildFile; fileRef = 943FE248206B8F08004771F6 /* Assets.xcassets */; };
		943FE24C206B8F08004771F6 /* LaunchScreen.storyboard in Resources */ = {isa = PBXBuildFile; fileRef = 943FE24A206B8F08004771F6 /* LaunchScreen.storyboard */; };
		943FE257206B8F08004771F6 /* SWAPIdemoTests.swift in Sources */ = {isa = PBXBuildFile; fileRef = 943FE256206B8F08004771F6 /* SWAPIdemoTests.swift */; };
		943FE263206B900C004771F6 /* Constants.swift in Sources */ = {isa = PBXBuildFile; fileRef = 943FE262206B900C004771F6 /* Constants.swift */; };
		943FE268206B908B004771F6 /* SplashViewController.swift in Sources */ = {isa = PBXBuildFile; fileRef = 943FE267206B908B004771F6 /* SplashViewController.swift */; };
		943FE26A206B9245004771F6 /* HomeViewController.swift in Sources */ = {isa = PBXBuildFile; fileRef = 943FE269206B9245004771F6 /* HomeViewController.swift */; };
		943FE26D206BA679004771F6 /* Film.swift in Sources */ = {isa = PBXBuildFile; fileRef = 943FE26C206BA679004771F6 /* Film.swift */; };
		943FE270206BA748004771F6 /* HomeTableViewCell.swift in Sources */ = {isa = PBXBuildFile; fileRef = 943FE26F206BA748004771F6 /* HomeTableViewCell.swift */; };
		943FE273206BADA2004771F6 /* APIManager.swift in Sources */ = {isa = PBXBuildFile; fileRef = 943FE272206BADA2004771F6 /* APIManager.swift */; };
		943FE275206BADBE004771F6 /* NetworkManager.swift in Sources */ = {isa = PBXBuildFile; fileRef = 943FE274206BADBE004771F6 /* NetworkManager.swift */; };
		943FE277206BAE6D004771F6 /* FilmsResponse.swift in Sources */ = {isa = PBXBuildFile; fileRef = 943FE276206BAE6D004771F6 /* FilmsResponse.swift */; };
		943FE279206BC34D004771F6 /* OMDBSearchResult.swift in Sources */ = {isa = PBXBuildFile; fileRef = 943FE278206BC34D004771F6 /* OMDBSearchResult.swift */; };
		943FE27B206BD782004771F6 /* OMDBFilm.swift in Sources */ = {isa = PBXBuildFile; fileRef = 943FE27A206BD782004771F6 /* OMDBFilm.swift */; };
		943FE27D206BDA9A004771F6 /* UIImageView.swift in Sources */ = {isa = PBXBuildFile; fileRef = 943FE27C206BDA9A004771F6 /* UIImageView.swift */; };
		943FE27F206BF26C004771F6 /* FilmViewController.swift in Sources */ = {isa = PBXBuildFile; fileRef = 943FE27E206BF26C004771F6 /* FilmViewController.swift */; };
/* End PBXBuildFile section */

/* Begin PBXContainerItemProxy section */
		943FE253206B8F08004771F6 /* PBXContainerItemProxy */ = {
			isa = PBXContainerItemProxy;
			containerPortal = 943FE233206B8F08004771F6 /* Project object */;
			proxyType = 1;
			remoteGlobalIDString = 943FE23A206B8F08004771F6;
			remoteInfo = SWAPIdemo;
		};
/* End PBXContainerItemProxy section */

/* Begin PBXFileReference section */
		9405A78D206E423D00D8426E /* Person.swift */ = {isa = PBXFileReference; lastKnownFileType = sourcecode.swift; path = Person.swift; sourceTree = "<group>"; };
		9405A791206E8BCB00D8426E /* CDFilm+CoreDataClass.swift */ = {isa = PBXFileReference; lastKnownFileType = sourcecode.swift; path = "CDFilm+CoreDataClass.swift"; sourceTree = "<group>"; };
		9405A792206E8BCB00D8426E /* CDFilm+CoreDataProperties.swift */ = {isa = PBXFileReference; lastKnownFileType = sourcecode.swift; path = "CDFilm+CoreDataProperties.swift"; sourceTree = "<group>"; };
		9405A795206E8DF700D8426E /* CoreDataManager.swift */ = {isa = PBXFileReference; lastKnownFileType = sourcecode.swift; path = CoreDataManager.swift; sourceTree = "<group>"; };
		9405A797206EA7EB00D8426E /* DateFormatter.swift */ = {isa = PBXFileReference; lastKnownFileType = sourcecode.swift; path = DateFormatter.swift; sourceTree = "<group>"; };
		941AE7C32072569A00605CCB /* CDCharacter+CoreDataClass.swift */ = {isa = PBXFileReference; lastKnownFileType = sourcecode.swift; path = "CDCharacter+CoreDataClass.swift"; sourceTree = "<group>"; };
		941AE7C42072569A00605CCB /* CDCharacter+CoreDataProperties.swift */ = {isa = PBXFileReference; lastKnownFileType = sourcecode.swift; path = "CDCharacter+CoreDataProperties.swift"; sourceTree = "<group>"; };
		941AE7C72073649D00605CCB /* CustomError.swift */ = {isa = PBXFileReference; lastKnownFileType = sourcecode.swift; path = CustomError.swift; sourceTree = "<group>"; };
		943FE23B206B8F08004771F6 /* SWAPIdemo.app */ = {isa = PBXFileReference; explicitFileType = wrapper.application; includeInIndex = 0; path = SWAPIdemo.app; sourceTree = BUILT_PRODUCTS_DIR; };
		943FE23E206B8F08004771F6 /* AppDelegate.swift */ = {isa = PBXFileReference; lastKnownFileType = sourcecode.swift; path = AppDelegate.swift; sourceTree = "<group>"; };
		943FE243206B8F08004771F6 /* Base */ = {isa = PBXFileReference; lastKnownFileType = file.storyboard; name = Base; path = Base.lproj/Main.storyboard; sourceTree = "<group>"; };
		943FE246206B8F08004771F6 /* SWAPIdemo.xcdatamodel */ = {isa = PBXFileReference; lastKnownFileType = wrapper.xcdatamodel; path = SWAPIdemo.xcdatamodel; sourceTree = "<group>"; };
		943FE248206B8F08004771F6 /* Assets.xcassets */ = {isa = PBXFileReference; lastKnownFileType = folder.assetcatalog; path = Assets.xcassets; sourceTree = "<group>"; };
		943FE24B206B8F08004771F6 /* Base */ = {isa = PBXFileReference; lastKnownFileType = file.storyboard; name = Base; path = Base.lproj/LaunchScreen.storyboard; sourceTree = "<group>"; };
		943FE24D206B8F08004771F6 /* Info.plist */ = {isa = PBXFileReference; lastKnownFileType = text.plist.xml; path = Info.plist; sourceTree = "<group>"; };
		943FE252206B8F08004771F6 /* SWAPIdemoTests.xctest */ = {isa = PBXFileReference; explicitFileType = wrapper.cfbundle; includeInIndex = 0; path = SWAPIdemoTests.xctest; sourceTree = BUILT_PRODUCTS_DIR; };
		943FE256206B8F08004771F6 /* SWAPIdemoTests.swift */ = {isa = PBXFileReference; lastKnownFileType = sourcecode.swift; path = SWAPIdemoTests.swift; sourceTree = "<group>"; };
		943FE258206B8F08004771F6 /* Info.plist */ = {isa = PBXFileReference; lastKnownFileType = text.plist.xml; path = Info.plist; sourceTree = "<group>"; };
		943FE262206B900C004771F6 /* Constants.swift */ = {isa = PBXFileReference; lastKnownFileType = sourcecode.swift; path = Constants.swift; sourceTree = "<group>"; };
		943FE267206B908B004771F6 /* SplashViewController.swift */ = {isa = PBXFileReference; lastKnownFileType = sourcecode.swift; path = SplashViewController.swift; sourceTree = "<group>"; };
		943FE269206B9245004771F6 /* HomeViewController.swift */ = {isa = PBXFileReference; lastKnownFileType = sourcecode.swift; path = HomeViewController.swift; sourceTree = "<group>"; };
		943FE26C206BA679004771F6 /* Film.swift */ = {isa = PBXFileReference; lastKnownFileType = sourcecode.swift; path = Film.swift; sourceTree = "<group>"; };
		943FE26F206BA748004771F6 /* HomeTableViewCell.swift */ = {isa = PBXFileReference; lastKnownFileType = sourcecode.swift; path = HomeTableViewCell.swift; sourceTree = "<group>"; };
		943FE272206BADA2004771F6 /* APIManager.swift */ = {isa = PBXFileReference; lastKnownFileType = sourcecode.swift; path = APIManager.swift; sourceTree = "<group>"; };
		943FE274206BADBE004771F6 /* NetworkManager.swift */ = {isa = PBXFileReference; lastKnownFileType = sourcecode.swift; path = NetworkManager.swift; sourceTree = "<group>"; };
		943FE276206BAE6D004771F6 /* FilmsResponse.swift */ = {isa = PBXFileReference; lastKnownFileType = sourcecode.swift; path = FilmsResponse.swift; sourceTree = "<group>"; };
		943FE278206BC34D004771F6 /* OMDBSearchResult.swift */ = {isa = PBXFileReference; lastKnownFileType = sourcecode.swift; path = OMDBSearchResult.swift; sourceTree = "<group>"; };
		943FE27A206BD782004771F6 /* OMDBFilm.swift */ = {isa = PBXFileReference; lastKnownFileType = sourcecode.swift; path = OMDBFilm.swift; sourceTree = "<group>"; };
		943FE27C206BDA9A004771F6 /* UIImageView.swift */ = {isa = PBXFileReference; lastKnownFileType = sourcecode.swift; path = UIImageView.swift; sourceTree = "<group>"; };
		943FE27E206BF26C004771F6 /* FilmViewController.swift */ = {isa = PBXFileReference; lastKnownFileType = sourcecode.swift; path = FilmViewController.swift; sourceTree = "<group>"; };
/* End PBXFileReference section */

/* Begin PBXFrameworksBuildPhase section */
		943FE238206B8F08004771F6 /* Frameworks */ = {
			isa = PBXFrameworksBuildPhase;
			buildActionMask = 2147483647;
			files = (
			);
			runOnlyForDeploymentPostprocessing = 0;
		};
		943FE24F206B8F08004771F6 /* Frameworks */ = {
			isa = PBXFrameworksBuildPhase;
			buildActionMask = 2147483647;
			files = (
			);
			runOnlyForDeploymentPostprocessing = 0;
		};
/* End PBXFrameworksBuildPhase section */

/* Begin PBXGroup section */
		9405A78F206E424300D8426E /* OMDB */ = {
			isa = PBXGroup;
			children = (
				943FE278206BC34D004771F6 /* OMDBSearchResult.swift */,
				943FE27A206BD782004771F6 /* OMDBFilm.swift */,
			);
			path = OMDB;
			sourceTree = "<group>";
		};
		9405A790206E8A7100D8426E /* Core Data */ = {
			isa = PBXGroup;
			children = (
				941AE7C32072569A00605CCB /* CDCharacter+CoreDataClass.swift */,
				941AE7C42072569A00605CCB /* CDCharacter+CoreDataProperties.swift */,
				9405A791206E8BCB00D8426E /* CDFilm+CoreDataClass.swift */,
				9405A792206E8BCB00D8426E /* CDFilm+CoreDataProperties.swift */,
			);
			path = "Core Data";
			sourceTree = "<group>";
		};
		943FE232206B8F08004771F6 = {
			isa = PBXGroup;
			children = (
				943FE23D206B8F08004771F6 /* SWAPIdemo */,
				943FE255206B8F08004771F6 /* SWAPIdemoTests */,
				943FE23C206B8F08004771F6 /* Products */,
			);
			sourceTree = "<group>";
		};
		943FE23C206B8F08004771F6 /* Products */ = {
			isa = PBXGroup;
			children = (
				943FE23B206B8F08004771F6 /* SWAPIdemo.app */,
				943FE252206B8F08004771F6 /* SWAPIdemoTests.xctest */,
			);
			name = Products;
			sourceTree = "<group>";
		};
		943FE23D206B8F08004771F6 /* SWAPIdemo */ = {
			isa = PBXGroup;
			children = (
				943FE26B206B9257004771F6 /* Storyboards */,
				943FE261206B8FEB004771F6 /* View Controllers */,
				943FE26E206BA720004771F6 /* Cells */,
				943FE264206B901C004771F6 /* Extensions */,
				943FE265206B9026004771F6 /* Models */,
				943FE266206B9044004771F6 /* Service */,
				943FE23E206B8F08004771F6 /* AppDelegate.swift */,
				943FE248206B8F08004771F6 /* Assets.xcassets */,
				943FE24D206B8F08004771F6 /* Info.plist */,
				943FE245206B8F08004771F6 /* SWAPIdemo.xcdatamodeld */,
				943FE262206B900C004771F6 /* Constants.swift */,
			);
			path = SWAPIdemo;
			sourceTree = "<group>";
		};
		943FE255206B8F08004771F6 /* SWAPIdemoTests */ = {
			isa = PBXGroup;
			children = (
				943FE256206B8F08004771F6 /* SWAPIdemoTests.swift */,
				943FE258206B8F08004771F6 /* Info.plist */,
			);
			path = SWAPIdemoTests;
			sourceTree = "<group>";
		};
		943FE261206B8FEB004771F6 /* View Controllers */ = {
			isa = PBXGroup;
			children = (
				943FE267206B908B004771F6 /* SplashViewController.swift */,
				943FE269206B9245004771F6 /* HomeViewController.swift */,
				943FE27E206BF26C004771F6 /* FilmViewController.swift */,
			);
			path = "View Controllers";
			sourceTree = "<group>";
		};
		943FE264206B901C004771F6 /* Extensions */ = {
			isa = PBXGroup;
			children = (
				943FE27C206BDA9A004771F6 /* UIImageView.swift */,
				9405A797206EA7EB00D8426E /* DateFormatter.swift */,
			);
			path = Extensions;
			sourceTree = "<group>";
		};
		943FE265206B9026004771F6 /* Models */ = {
			isa = PBXGroup;
			children = (
				943FE26C206BA679004771F6 /* Film.swift */,
				943FE276206BAE6D004771F6 /* FilmsResponse.swift */,
				9405A78D206E423D00D8426E /* Person.swift */,
				9405A790206E8A7100D8426E /* Core Data */,
				9405A78F206E424300D8426E /* OMDB */,
			);
			path = Models;
			sourceTree = "<group>";
		};
		943FE266206B9044004771F6 /* Service */ = {
			isa = PBXGroup;
			children = (
				943FE274206BADBE004771F6 /* NetworkManager.swift */,
				943FE272206BADA2004771F6 /* APIManager.swift */,
				9405A795206E8DF700D8426E /* CoreDataManager.swift */,
				941AE7C72073649D00605CCB /* CustomError.swift */,
			);
			path = Service;
			sourceTree = "<group>";
		};
		943FE26B206B9257004771F6 /* Storyboards */ = {
			isa = PBXGroup;
			children = (
				943FE242206B8F08004771F6 /* Main.storyboard */,
				943FE24A206B8F08004771F6 /* LaunchScreen.storyboard */,
			);
			path = Storyboards;
			sourceTree = "<group>";
		};
		943FE26E206BA720004771F6 /* Cells */ = {
			isa = PBXGroup;
			children = (
				943FE26F206BA748004771F6 /* HomeTableViewCell.swift */,
			);
			path = Cells;
			sourceTree = "<group>";
		};
/* End PBXGroup section */

/* Begin PBXNativeTarget section */
		943FE23A206B8F08004771F6 /* SWAPIdemo */ = {
			isa = PBXNativeTarget;
			buildConfigurationList = 943FE25B206B8F08004771F6 /* Build configuration list for PBXNativeTarget "SWAPIdemo" */;
			buildPhases = (
				943FE237206B8F08004771F6 /* Sources */,
				943FE238206B8F08004771F6 /* Frameworks */,
				943FE239206B8F08004771F6 /* Resources */,
			);
			buildRules = (
			);
			dependencies = (
			);
			name = SWAPIdemo;
			productName = SWAPIdemo;
			productReference = 943FE23B206B8F08004771F6 /* SWAPIdemo.app */;
			productType = "com.apple.product-type.application";
		};
		943FE251206B8F08004771F6 /* SWAPIdemoTests */ = {
			isa = PBXNativeTarget;
			buildConfigurationList = 943FE25E206B8F08004771F6 /* Build configuration list for PBXNativeTarget "SWAPIdemoTests" */;
			buildPhases = (
				943FE24E206B8F08004771F6 /* Sources */,
				943FE24F206B8F08004771F6 /* Frameworks */,
				943FE250206B8F08004771F6 /* Resources */,
			);
			buildRules = (
			);
			dependencies = (
				943FE254206B8F08004771F6 /* PBXTargetDependency */,
			);
			name = SWAPIdemoTests;
			productName = SWAPIdemoTests;
			productReference = 943FE252206B8F08004771F6 /* SWAPIdemoTests.xctest */;
			productType = "com.apple.product-type.bundle.unit-test";
		};
/* End PBXNativeTarget section */

/* Begin PBXProject section */
		943FE233206B8F08004771F6 /* Project object */ = {
			isa = PBXProject;
			attributes = {
				LastSwiftUpdateCheck = 0920;
				LastUpgradeCheck = 0920;
				ORGANIZATIONNAME = "Ryan Dias";
				TargetAttributes = {
					943FE23A206B8F08004771F6 = {
						CreatedOnToolsVersion = 9.2;
						ProvisioningStyle = Automatic;
					};
					943FE251206B8F08004771F6 = {
						CreatedOnToolsVersion = 9.2;
						ProvisioningStyle = Automatic;
						TestTargetID = 943FE23A206B8F08004771F6;
					};
				};
			};
			buildConfigurationList = 943FE236206B8F08004771F6 /* Build configuration list for PBXProject "SWAPIdemo" */;
			compatibilityVersion = "Xcode 8.0";
			developmentRegion = en;
			hasScannedForEncodings = 0;
			knownRegions = (
				en,
				Base,
			);
			mainGroup = 943FE232206B8F08004771F6;
			productRefGroup = 943FE23C206B8F08004771F6 /* Products */;
			projectDirPath = "";
			projectRoot = "";
			targets = (
				943FE23A206B8F08004771F6 /* SWAPIdemo */,
				943FE251206B8F08004771F6 /* SWAPIdemoTests */,
			);
		};
/* End PBXProject section */

/* Begin PBXResourcesBuildPhase section */
		943FE239206B8F08004771F6 /* Resources */ = {
			isa = PBXResourcesBuildPhase;
			buildActionMask = 2147483647;
			files = (
				943FE24C206B8F08004771F6 /* LaunchScreen.storyboard in Resources */,
				943FE249206B8F08004771F6 /* Assets.xcassets in Resources */,
				943FE244206B8F08004771F6 /* Main.storyboard in Resources */,
			);
			runOnlyForDeploymentPostprocessing = 0;
		};
		943FE250206B8F08004771F6 /* Resources */ = {
			isa = PBXResourcesBuildPhase;
			buildActionMask = 2147483647;
			files = (
			);
			runOnlyForDeploymentPostprocessing = 0;
		};
/* End PBXResourcesBuildPhase section */

/* Begin PBXSourcesBuildPhase section */
		943FE237206B8F08004771F6 /* Sources */ = {
			isa = PBXSourcesBuildPhase;
			buildActionMask = 2147483647;
			files = (
				9405A78E206E423D00D8426E /* Person.swift in Sources */,
				943FE277206BAE6D004771F6 /* FilmsResponse.swift in Sources */,
				941AE7C52072569A00605CCB /* CDCharacter+CoreDataClass.swift in Sources */,
				943FE279206BC34D004771F6 /* OMDBSearchResult.swift in Sources */,
				943FE275206BADBE004771F6 /* NetworkManager.swift in Sources */,
				943FE273206BADA2004771F6 /* APIManager.swift in Sources */,
				9405A798206EA7EB00D8426E /* DateFormatter.swift in Sources */,
				941AE7C82073649E00605CCB /* CustomError.swift in Sources */,
				943FE27D206BDA9A004771F6 /* UIImageView.swift in Sources */,
				9405A796206E8DF700D8426E /* CoreDataManager.swift in Sources */,
				943FE26A206B9245004771F6 /* HomeViewController.swift in Sources */,
				943FE26D206BA679004771F6 /* Film.swift in Sources */,
				941AE7C62072569A00605CCB /* CDCharacter+CoreDataProperties.swift in Sources */,
				9405A794206E8BCC00D8426E /* CDFilm+CoreDataProperties.swift in Sources */,
				9405A793206E8BCB00D8426E /* CDFilm+CoreDataClass.swift in Sources */,
				943FE270206BA748004771F6 /* HomeTableViewCell.swift in Sources */,
				943FE27B206BD782004771F6 /* OMDBFilm.swift in Sources */,
				943FE247206B8F08004771F6 /* SWAPIdemo.xcdatamodeld in Sources */,
				943FE27F206BF26C004771F6 /* FilmViewController.swift in Sources */,
				943FE23F206B8F08004771F6 /* AppDelegate.swift in Sources */,
				943FE263206B900C004771F6 /* Constants.swift in Sources */,
				943FE268206B908B004771F6 /* SplashViewController.swift in Sources */,
			);
			runOnlyForDeploymentPostprocessing = 0;
		};
		943FE24E206B8F08004771F6 /* Sources */ = {
			isa = PBXSourcesBuildPhase;
			buildActionMask = 2147483647;
			files = (
				943FE257206B8F08004771F6 /* SWAPIdemoTests.swift in Sources */,
			);
			runOnlyForDeploymentPostprocessing = 0;
		};
/* End PBXSourcesBuildPhase section */

/* Begin PBXTargetDependency section */
		943FE254206B8F08004771F6 /* PBXTargetDependency */ = {
			isa = PBXTargetDependency;
			target = 943FE23A206B8F08004771F6 /* SWAPIdemo */;
			targetProxy = 943FE253206B8F08004771F6 /* PBXContainerItemProxy */;
		};
/* End PBXTargetDependency section */

/* Begin PBXVariantGroup section */
		943FE242206B8F08004771F6 /* Main.storyboard */ = {
			isa = PBXVariantGroup;
			children = (
				943FE243206B8F08004771F6 /* Base */,
			);
			name = Main.storyboard;
			sourceTree = "<group>";
		};
		943FE24A206B8F08004771F6 /* LaunchScreen.storyboard */ = {
			isa = PBXVariantGroup;
			children = (
				943FE24B206B8F08004771F6 /* Base */,
			);
			name = LaunchScreen.storyboard;
			sourceTree = "<group>";
		};
/* End PBXVariantGroup section */

/* Begin XCBuildConfiguration section */
		943FE259206B8F08004771F6 /* Debug */ = {
			isa = XCBuildConfiguration;
			buildSettings = {
				ALWAYS_SEARCH_USER_PATHS = NO;
				CLANG_ANALYZER_NONNULL = YES;
				CLANG_ANALYZER_NUMBER_OBJECT_CONVERSION = YES_AGGRESSIVE;
				CLANG_CXX_LANGUAGE_STANDARD = "gnu++14";
				CLANG_CXX_LIBRARY = "libc++";
				CLANG_ENABLE_MODULES = YES;
				CLANG_ENABLE_OBJC_ARC = YES;
				CLANG_WARN_BLOCK_CAPTURE_AUTORELEASING = YES;
				CLANG_WARN_BOOL_CONVERSION = YES;
				CLANG_WARN_COMMA = YES;
				CLANG_WARN_CONSTANT_CONVERSION = YES;
				CLANG_WARN_DIRECT_OBJC_ISA_USAGE = YES_ERROR;
				CLANG_WARN_DOCUMENTATION_COMMENTS = YES;
				CLANG_WARN_EMPTY_BODY = YES;
				CLANG_WARN_ENUM_CONVERSION = YES;
				CLANG_WARN_INFINITE_RECURSION = YES;
				CLANG_WARN_INT_CONVERSION = YES;
				CLANG_WARN_NON_LITERAL_NULL_CONVERSION = YES;
				CLANG_WARN_OBJC_LITERAL_CONVERSION = YES;
				CLANG_WARN_OBJC_ROOT_CLASS = YES_ERROR;
				CLANG_WARN_RANGE_LOOP_ANALYSIS = YES;
				CLANG_WARN_STRICT_PROTOTYPES = YES;
				CLANG_WARN_SUSPICIOUS_MOVE = YES;
				CLANG_WARN_UNGUARDED_AVAILABILITY = YES_AGGRESSIVE;
				CLANG_WARN_UNREACHABLE_CODE = YES;
				CLANG_WARN__DUPLICATE_METHOD_MATCH = YES;
				CODE_SIGN_IDENTITY = "iPhone Developer";
				COPY_PHASE_STRIP = NO;
				DEBUG_INFORMATION_FORMAT = dwarf;
				ENABLE_STRICT_OBJC_MSGSEND = YES;
				ENABLE_TESTABILITY = YES;
				GCC_C_LANGUAGE_STANDARD = gnu11;
				GCC_DYNAMIC_NO_PIC = NO;
				GCC_NO_COMMON_BLOCKS = YES;
				GCC_OPTIMIZATION_LEVEL = 0;
				GCC_PREPROCESSOR_DEFINITIONS = (
					"DEBUG=1",
					"$(inherited)",
				);
				GCC_WARN_64_TO_32_BIT_CONVERSION = YES;
				GCC_WARN_ABOUT_RETURN_TYPE = YES_ERROR;
				GCC_WARN_UNDECLARED_SELECTOR = YES;
				GCC_WARN_UNINITIALIZED_AUTOS = YES_AGGRESSIVE;
				GCC_WARN_UNUSED_FUNCTION = YES;
				GCC_WARN_UNUSED_VARIABLE = YES;
				IPHONEOS_DEPLOYMENT_TARGET = 11.2;
				MTL_ENABLE_DEBUG_INFO = YES;
				ONLY_ACTIVE_ARCH = YES;
				SDKROOT = iphoneos;
				SWIFT_ACTIVE_COMPILATION_CONDITIONS = DEBUG;
				SWIFT_OPTIMIZATION_LEVEL = "-Onone";
			};
			name = Debug;
		};
		943FE25A206B8F08004771F6 /* Release */ = {
			isa = XCBuildConfiguration;
			buildSettings = {
				ALWAYS_SEARCH_USER_PATHS = NO;
				CLANG_ANALYZER_NONNULL = YES;
				CLANG_ANALYZER_NUMBER_OBJECT_CONVERSION = YES_AGGRESSIVE;
				CLANG_CXX_LANGUAGE_STANDARD = "gnu++14";
				CLANG_CXX_LIBRARY = "libc++";
				CLANG_ENABLE_MODULES = YES;
				CLANG_ENABLE_OBJC_ARC = YES;
				CLANG_WARN_BLOCK_CAPTURE_AUTORELEASING = YES;
				CLANG_WARN_BOOL_CONVERSION = YES;
				CLANG_WARN_COMMA = YES;
				CLANG_WARN_CONSTANT_CONVERSION = YES;
				CLANG_WARN_DIRECT_OBJC_ISA_USAGE = YES_ERROR;
				CLANG_WARN_DOCUMENTATION_COMMENTS = YES;
				CLANG_WARN_EMPTY_BODY = YES;
				CLANG_WARN_ENUM_CONVERSION = YES;
				CLANG_WARN_INFINITE_RECURSION = YES;
				CLANG_WARN_INT_CONVERSION = YES;
				CLANG_WARN_NON_LITERAL_NULL_CONVERSION = YES;
				CLANG_WARN_OBJC_LITERAL_CONVERSION = YES;
				CLANG_WARN_OBJC_ROOT_CLASS = YES_ERROR;
				CLANG_WARN_RANGE_LOOP_ANALYSIS = YES;
				CLANG_WARN_STRICT_PROTOTYPES = YES;
				CLANG_WARN_SUSPICIOUS_MOVE = YES;
				CLANG_WARN_UNGUARDED_AVAILABILITY = YES_AGGRESSIVE;
				CLANG_WARN_UNREACHABLE_CODE = YES;
				CLANG_WARN__DUPLICATE_METHOD_MATCH = YES;
				CODE_SIGN_IDENTITY = "iPhone Developer";
				COPY_PHASE_STRIP = NO;
				DEBUG_INFORMATION_FORMAT = "dwarf-with-dsym";
				ENABLE_NS_ASSERTIONS = NO;
				ENABLE_STRICT_OBJC_MSGSEND = YES;
				GCC_C_LANGUAGE_STANDARD = gnu11;
				GCC_NO_COMMON_BLOCKS = YES;
				GCC_WARN_64_TO_32_BIT_CONVERSION = YES;
				GCC_WARN_ABOUT_RETURN_TYPE = YES_ERROR;
				GCC_WARN_UNDECLARED_SELECTOR = YES;
				GCC_WARN_UNINITIALIZED_AUTOS = YES_AGGRESSIVE;
				GCC_WARN_UNUSED_FUNCTION = YES;
				GCC_WARN_UNUSED_VARIABLE = YES;
				IPHONEOS_DEPLOYMENT_TARGET = 11.2;
				MTL_ENABLE_DEBUG_INFO = NO;
				SDKROOT = iphoneos;
				SWIFT_OPTIMIZATION_LEVEL = "-Owholemodule";
				VALIDATE_PRODUCT = YES;
			};
			name = Release;
		};
		943FE25C206B8F08004771F6 /* Debug */ = {
			isa = XCBuildConfiguration;
			buildSettings = {
				ASSETCATALOG_COMPILER_APPICON_NAME = AppIcon;
				CODE_SIGN_STYLE = Automatic;
				INFOPLIST_FILE = SWAPIdemo/Info.plist;
				LD_RUNPATH_SEARCH_PATHS = "$(inherited) @executable_path/Frameworks";
				PRODUCT_BUNDLE_IDENTIFIER = com.ryandias.SWAPIdemo;
				PRODUCT_NAME = "$(TARGET_NAME)";
				SWIFT_VERSION = 4.0;
				TARGETED_DEVICE_FAMILY = "1,2";
			};
			name = Debug;
		};
		943FE25D206B8F08004771F6 /* Release */ = {
			isa = XCBuildConfiguration;
			buildSettings = {
				ASSETCATALOG_COMPILER_APPICON_NAME = AppIcon;
				CODE_SIGN_STYLE = Automatic;
				INFOPLIST_FILE = SWAPIdemo/Info.plist;
				LD_RUNPATH_SEARCH_PATHS = "$(inherited) @executable_path/Frameworks";
				PRODUCT_BUNDLE_IDENTIFIER = com.ryandias.SWAPIdemo;
				PRODUCT_NAME = "$(TARGET_NAME)";
				SWIFT_VERSION = 4.0;
				TARGETED_DEVICE_FAMILY = "1,2";
			};
			name = Release;
		};
		943FE25F206B8F08004771F6 /* Debug */ = {
			isa = XCBuildConfiguration;
			buildSettings = {
				ALWAYS_EMBED_SWIFT_STANDARD_LIBRARIES = YES;
				BUNDLE_LOADER = "$(TEST_HOST)";
				CODE_SIGN_STYLE = Automatic;
				INFOPLIST_FILE = SWAPIdemoTests/Info.plist;
				LD_RUNPATH_SEARCH_PATHS = "$(inherited) @executable_path/Frameworks @loader_path/Frameworks";
				PRODUCT_BUNDLE_IDENTIFIER = com.ryandias.SWAPIdemoTests;
				PRODUCT_NAME = "$(TARGET_NAME)";
				SWIFT_VERSION = 4.0;
				TARGETED_DEVICE_FAMILY = "1,2";
				TEST_HOST = "$(BUILT_PRODUCTS_DIR)/SWAPIdemo.app/SWAPIdemo";
			};
			name = Debug;
		};
		943FE260206B8F08004771F6 /* Release */ = {
			isa = XCBuildConfiguration;
			buildSettings = {
				ALWAYS_EMBED_SWIFT_STANDARD_LIBRARIES = YES;
				BUNDLE_LOADER = "$(TEST_HOST)";
				CODE_SIGN_STYLE = Automatic;
				INFOPLIST_FILE = SWAPIdemoTests/Info.plist;
				LD_RUNPATH_SEARCH_PATHS = "$(inherited) @executable_path/Frameworks @loader_path/Frameworks";
				PRODUCT_BUNDLE_IDENTIFIER = com.ryandias.SWAPIdemoTests;
				PRODUCT_NAME = "$(TARGET_NAME)";
				SWIFT_VERSION = 4.0;
				TARGETED_DEVICE_FAMILY = "1,2";
				TEST_HOST = "$(BUILT_PRODUCTS_DIR)/SWAPIdemo.app/SWAPIdemo";
			};
			name = Release;
		};
/* End XCBuildConfiguration section */

/* Begin XCConfigurationList section */
		943FE236206B8F08004771F6 /* Build configuration list for PBXProject "SWAPIdemo" */ = {
			isa = XCConfigurationList;
			buildConfigurations = (
				943FE259206B8F08004771F6 /* Debug */,
				943FE25A206B8F08004771F6 /* Release */,
			);
			defaultConfigurationIsVisible = 0;
			defaultConfigurationName = Release;
		};
		943FE25B206B8F08004771F6 /* Build configuration list for PBXNativeTarget "SWAPIdemo" */ = {
			isa = XCConfigurationList;
			buildConfigurations = (
				943FE25C206B8F08004771F6 /* Debug */,
				943FE25D206B8F08004771F6 /* Release */,
			);
			defaultConfigurationIsVisible = 0;
			defaultConfigurationName = Release;
		};
		943FE25E206B8F08004771F6 /* Build configuration list for PBXNativeTarget "SWAPIdemoTests" */ = {
			isa = XCConfigurationList;
			buildConfigurations = (
				943FE25F206B8F08004771F6 /* Debug */,
				943FE260206B8F08004771F6 /* Release */,
			);
			defaultConfigurationIsVisible = 0;
			defaultConfigurationName = Release;
		};
/* End XCConfigurationList section */

/* Begin XCVersionGroup section */
		943FE245206B8F08004771F6 /* SWAPIdemo.xcdatamodeld */ = {
			isa = XCVersionGroup;
			children = (
				943FE246206B8F08004771F6 /* SWAPIdemo.xcdatamodel */,
			);
			currentVersion = 943FE246206B8F08004771F6 /* SWAPIdemo.xcdatamodel */;
			path = SWAPIdemo.xcdatamodeld;
			sourceTree = "<group>";
			versionGroupType = wrapper.xcdatamodel;
		};
/* End XCVersionGroup section */
	};
	rootObject = 943FE233206B8F08004771F6 /* Project object */;
}
